
Microsoft Visual Studio Solution File, Format Version 12.00
# Visual Studio Version 16
VisualStudioVersion = 16.0.810.6
MinimumVisualStudioVersion = 10.0.40219.1
Project("{FAE04EC0-301F-11D3-BF4B-00C04F79EFBC}") = "BestOffer", "src\BestOffer.csproj", "{06D3CC1A-4C02-443D-AF6E-9C8B64777864}"
EndProject
Project("{FAE04EC0-301F-11D3-BF4B-00C04F79EFBC}") = "BestOffer.Tests", "tests\BestOffer.Tests.csproj", "{27562680-D3AF-4190-A20F-2B6A3189C1C7}"
EndProject
Global
	GlobalSection(SolutionConfigurationPlatforms) = preSolution
		Debug|Any CPU = Debug|Any CPU
		Release|Any CPU = Release|Any CPU
	EndGlobalSection
	GlobalSection(ProjectConfigurationPlatforms) = postSolution
		{06D3CC1A-4C02-443D-AF6E-9C8B64777864}.Debug|Any CPU.ActiveCfg = Debug|Any CPU
		{06D3CC1A-4C02-443D-AF6E-9C8B64777864}.Debug|Any CPU.Build.0 = Debug|Any CPU
		{06D3CC1A-4C02-443D-AF6E-9C8B64777864}.Release|Any CPU.ActiveCfg = Release|Any CPU
		{06D3CC1A-4C02-443D-AF6E-9C8B64777864}.Release|Any CPU.Build.0 = Release|Any CPU
		{27562680-D3AF-4190-A20F-2B6A3189C1C7}.Debug|Any CPU.ActiveCfg = Debug|Any CPU
		{27562680-D3AF-4190-A20F-2B6A3189C1C7}.Debug|Any CPU.Build.0 = Debug|Any CPU
		{27562680-D3AF-4190-A20F-2B6A3189C1C7}.Release|Any CPU.ActiveCfg = Release|Any CPU
		{27562680-D3AF-4190-A20F-2B6A3189C1C7}.Release|Any CPU.Build.0 = Release|Any CPU
	EndGlobalSection
	GlobalSection(SolutionProperties) = preSolution
		HideSolutionNode = FALSE
	EndGlobalSection
	GlobalSection(ExtensibilityGlobals) = postSolution
		SolutionGuid = {83AD6AE5-30C3-42F6-AB87-E005FFCBC4FE}
	EndGlobalSection
EndGlobal
